# THIS IS AN AUTOGENERATED FILE. DO NOT EDIT THIS FILE DIRECTLY.
# yarn lockfile v1


assert-ok@~1.0.0:
  version "1.0.0"
  resolved "https://registry.yarnpkg.com/assert-ok/-/assert-ok-1.0.0.tgz#5b5cf795f9275c59c714d66c3a06d7de70e43ec8"
  integrity sha1-W1z3lfknXFnHFNZsOgbX3nDkPsg=

buffer-to-arraybuffer@^0.0.5:
  version "0.0.5"
  resolved "https://registry.yarnpkg.com/buffer-to-arraybuffer/-/buffer-to-arraybuffer-0.0.5.tgz#6064a40fa76eb43c723aba9ef8f6e1216d10511a"
  integrity sha1-YGSkD6dutDxyOrqe+PbhIW0QURo=

builtin-status-codes@~1.0.0:
  version "1.0.0"
  resolved "https://registry.yarnpkg.com/builtin-status-codes/-/builtin-status-codes-1.0.0.tgz#30637ee262978ac07174e16d7f82f0ad06e085ad"
  integrity sha1-MGN+4mKXisBxdOFtf4LwrQbgha0=

config-request@^0.5.1:
  version "0.5.1"
  resolved "https://registry.yarnpkg.com/config-request/-/config-request-0.5.1.tgz#cffc1288a681c46de1dafaeb2333d5500f6e12d8"
  integrity sha1-z/wSiKaBxG3h2vrrIzPVUA9uEtg=
  dependencies:
    geval "^2.1.1"
    http-status-error "^1.1.1"
    is-error-code "^1.0.0"
    is-function "^1.0.1"
    is-obj "^1.0.1"
    query-string-flatten "^1.0.0"
    safe-json-parse "^4.0.0"
    url-join "^1.1.0"
    xhr-request "^1.0.1"
    xtend "^4.0.1"

decode-uri-component@^0.2.0:
  version "0.2.0"
  resolved "https://registry.yarnpkg.com/decode-uri-component/-/decode-uri-component-0.2.0.tgz#eb3913333458775cb84cd1a1fae062106bb87545"
  integrity sha1-6zkTMzRYd1y4TNGh+uBiEGu4dUU=

decompress-response@^3.3.0:
  version "3.3.0"
  resolved "https://registry.yarnpkg.com/decompress-response/-/decompress-response-3.3.0.tgz#80a4dd323748384bfa248083622aedec982adff3"
  integrity sha1-gKTdMjdIOEv6JICDYirt7Jgq3/M=
  dependencies:
    mimic-response "^1.0.0"

define-properties@^1.1.2:
  version "1.1.3"
  resolved "https://registry.yarnpkg.com/define-properties/-/define-properties-1.1.3.tgz#cf88da6cbee26fe6db7094f61d870cbd84cee9f1"
  integrity sha512-3MqfYKj2lLzdMSf8ZIZE/V+Zuy+BgD6f164e8K2w7dgnpKArBDerGYpM46IYYcjnkdPNMjPk9A6VFB8+3SKlXQ==
  dependencies:
    object-keys "^1.0.12"

dom-walk@^0.1.0:
  version "0.1.1"
  resolved "https://registry.yarnpkg.com/dom-walk/-/dom-walk-0.1.1.tgz#672226dc74c8f799ad35307df936aba11acd6018"
  integrity sha1-ZyIm3HTI95mtNTB9+TaroRrNYBg=

es-abstract@^1.5.0:
  version "1.13.0"
  resolved "https://registry.yarnpkg.com/es-abstract/-/es-abstract-1.13.0.tgz#ac86145fdd5099d8dd49558ccba2eaf9b88e24e9"
  integrity sha512-vDZfg/ykNxQVwup/8E1BZhVzFfBxs9NqMzGcvIJrqg5k2/5Za2bWo40dK2J1pgLngZ7c+Shh8lwYtLGyrwPutg==
  dependencies:
    es-to-primitive "^1.2.0"
    function-bind "^1.1.1"
    has "^1.0.3"
    is-callable "^1.1.4"
    is-regex "^1.0.4"
    object-keys "^1.0.12"

es-to-primitive@^1.2.0:
  version "1.2.0"
  resolved "https://registry.yarnpkg.com/es-to-primitive/-/es-to-primitive-1.2.0.tgz#edf72478033456e8dda8ef09e00ad9650707f377"
  integrity sha512-qZryBOJjV//LaxLTV6UC//WewneB3LcXOL9NP++ozKVXsIIIpm/2c13UDiD9Jp2eThsecw9m3jPqDwTyobcdbg==
  dependencies:
    is-callable "^1.1.4"
    is-date-object "^1.0.1"
    is-symbol "^1.0.2"

for-each@^0.3.3:
  version "0.3.3"
  resolved "https://registry.yarnpkg.com/for-each/-/for-each-0.3.3.tgz#69b447e88a0a5d32c3e7084f3f1710034b21376e"
  integrity sha512-jqYfLp7mo9vIyQf8ykW2v7A+2N4QjeCeI5+Dz9XraiO1ign81wjiH7Fb9vSOWvQfNtmSa4H2RoQTrrXivdUZmw==
  dependencies:
    is-callable "^1.1.3"

for-in@^1.0.1:
  version "1.0.2"
  resolved "https://registry.yarnpkg.com/for-in/-/for-in-1.0.2.tgz#81068d295a8142ec0ac726c6e2200c30fb6d5e80"
  integrity sha1-gQaNKVqBQuwKxybG4iAMMPttXoA=

for-own@^0.1.3:
  version "0.1.5"
  resolved "https://registry.yarnpkg.com/for-own/-/for-own-0.1.5.tgz#5265c681a4f294dabbf17c9509b6763aa84510ce"
  integrity sha1-UmXGgaTylNq78XyVCbZ2OqhFEM4=
  dependencies:
    for-in "^1.0.1"

function-bind@^1.0.2, function-bind@^1.1.1:
  version "1.1.1"
  resolved "https://registry.yarnpkg.com/function-bind/-/function-bind-1.1.1.tgz#a56899d3ea3c9bab874bb9773b7c5ede92f4895d"
  integrity sha512-yIovAzMX49sF8Yl58fSCWJ5svSLuaibPxXQJFLmBObTuCr0Mf1KiPopGM9NiFjiYBCbfaa2Fh6breQ6ANVTI0A==

geval@^2.1.1:
  version "2.2.0"
  resolved "https://registry.yarnpkg.com/geval/-/geval-2.2.0.tgz#5622b10a28028284198afe351f6b417042c33dda"
  integrity sha1-ViKxCigCgoQZiv41H2tBcELDPdo=

global@~4.3.0:
  version "4.3.2"
  resolved "https://registry.yarnpkg.com/global/-/global-4.3.2.tgz#e76989268a6c74c38908b1305b10fc0e394e9d0f"
  integrity sha1-52mJJopsdMOJCLEwWxD8DjlOnQ8=
  dependencies:
    min-document "^2.19.0"
    process "~0.5.1"

has-symbols@^1.0.0:
  version "1.0.0"
  resolved "https://registry.yarnpkg.com/has-symbols/-/has-symbols-1.0.0.tgz#ba1a8f1af2a0fc39650f5c850367704122063b44"
  integrity sha1-uhqPGvKg/DllD1yFA2dwQSIGO0Q=

has@^1.0.1, has@^1.0.3:
  version "1.0.3"
  resolved "https://registry.yarnpkg.com/has/-/has-1.0.3.tgz#722d7cbfc1f6aa8241f16dd814e011e1f41e8796"
  integrity sha512-f2dvO0VU6Oej7RkWJGrehjbzMAjFp5/VKPp5tTpWIV4JHHZK1/BxbFRtf/siA2SWTe09caDmVtYYzWEIbBS4zw==
  dependencies:
    function-bind "^1.1.1"

http-status-error@^1.1.1:
  version "1.1.1"
  resolved "https://registry.yarnpkg.com/http-status-error/-/http-status-error-1.1.1.tgz#16ab35efbb3aca9c17b0a262a6eceec7e0d394cc"
  integrity sha1-Fqs177s6ypwXsKJipuzux+DTlMw=
  dependencies:
    assert-ok "~1.0.0"
    builtin-status-codes "~1.0.0"
    is-error-code "~1.0.0"

individual@^2.0.0:
  version "2.0.0"
  resolved "https://registry.yarnpkg.com/individual/-/individual-2.0.0.tgz#833b097dad23294e76117a98fb38e0d9ad61bb97"
  integrity sha1-gzsJfa0jKU52EXqY+zjg2a1hu5c=

is-callable@^1.1.3, is-callable@^1.1.4:
  version "1.1.4"
  resolved "https://registry.yarnpkg.com/is-callable/-/is-callable-1.1.4.tgz#1e1adf219e1eeb684d691f9d6a05ff0d30a24d75"
  integrity sha512-r5p9sxJjYnArLjObpjA4xu5EKI3CuKHkJXMhT7kwbpUyIFD1n5PMAsoPvWnvtZiNz7LjkYDRZhd7FlI0eMijEA==

is-date-object@^1.0.1:
  version "1.0.1"
  resolved "https://registry.yarnpkg.com/is-date-object/-/is-date-object-1.0.1.tgz#9aa20eb6aeebbff77fbd33e74ca01b33581d3a16"
  integrity sha1-mqIOtq7rv/d/vTPnTKAbM1gdOhY=

is-error-code@^1.0.0, is-error-code@~1.0.0:
  version "1.0.0"
  resolved "https://registry.yarnpkg.com/is-error-code/-/is-error-code-1.0.0.tgz#d27e3923434bbbd5149ce8d1ae316674851a8c25"
  integrity sha1-0n45I0NLu9UUnOjRrjFmdIUajCU=

is-function@^1.0.1:
  version "1.0.1"
  resolved "https://registry.yarnpkg.com/is-function/-/is-function-1.0.1.tgz#12cfb98b65b57dd3d193a3121f5f6e2f437602b5"
  integrity sha1-Es+5i2W1fdPRk6MSH19uL0N2ArU=

is-obj@^1.0.1:
  version "1.0.1"
  resolved "https://registry.yarnpkg.com/is-obj/-/is-obj-1.0.1.tgz#3e4729ac1f5fde025cd7d83a896dab9f4f67db0f"
  integrity sha1-PkcprB9f3gJc19g6iW2rn09n2w8=

is-plain-obj@~1.1.0:
  version "1.1.0"
  resolved "https://registry.yarnpkg.com/is-plain-obj/-/is-plain-obj-1.1.0.tgz#71a50c8429dfca773c92a390a4a03b39fcd51d3e"
  integrity sha1-caUMhCnfync8kqOQpKA7OfzVHT4=

is-regex@^1.0.4:
  version "1.0.4"
  resolved "https://registry.yarnpkg.com/is-regex/-/is-regex-1.0.4.tgz#5517489b547091b0930e095654ced25ee97e9491"
  integrity sha1-VRdIm1RwkbCTDglWVM7SXul+lJE=
  dependencies:
    has "^1.0.1"

is-symbol@^1.0.2:
  version "1.0.2"
  resolved "https://registry.yarnpkg.com/is-symbol/-/is-symbol-1.0.2.tgz#a055f6ae57192caee329e7a860118b497a950f38"
  integrity sha512-HS8bZ9ox60yCJLH9snBpIwv9pYUAkcuLhSA1oero1UB5y9aiQpRA8y2ex945AOtCZL1lJDeIk3G5LthswI46Lw==
  dependencies:
    has-symbols "^1.0.0"

isarray@0.0.1:
  version "0.0.1"
  resolved "https://registry.yarnpkg.com/isarray/-/isarray-0.0.1.tgz#8a18acfca9a8f4177e09abfc6038939b05d1eedf"
  integrity sha1-ihis/Kmo9Bd+Cav8YDiTmwXR7t8=

isobject@~2.0.0:
  version "2.0.0"
  resolved "https://registry.yarnpkg.com/isobject/-/isobject-2.0.0.tgz#208de872bd7378c2a92af9428a3f56eb91a122c4"
  integrity sha1-II3ocr1zeMKpKvlCij9W65GhIsQ=
  dependencies:
    isarray "0.0.1"

json-stringify-safe@~5.0.1:
  version "5.0.1"
  resolved "https://registry.yarnpkg.com/json-stringify-safe/-/json-stringify-safe-5.0.1.tgz#1296a2d58fd45f19a0f6ce01d65701e2c735b6eb"
  integrity sha1-Epai1Y/UXxmg9s4B1lcB4sc1tus=

map-obj@~1.0.1:
  version "1.0.1"
  resolved "https://registry.yarnpkg.com/map-obj/-/map-obj-1.0.1.tgz#d933ceb9205d82bdcf4886f6742bdc2b4dea146d"
  integrity sha1-2TPOuSBdgr3PSIb2dCvcK03qFG0=

mimic-response@^1.0.0:
  version "1.0.1"
  resolved "https://registry.yarnpkg.com/mimic-response/-/mimic-response-1.0.1.tgz#4923538878eef42063cb8a3e3b0798781487ab1b"
  integrity sha512-j5EctnkH7amfV/q5Hgmoal1g2QHFJRraOtmx0JpIqkxhBhI/lJSl1nMpQ45hVarwNETOoWEimndZ4QK0RHxuxQ==

min-document@^2.19.0:
  version "2.19.0"
  resolved "https://registry.yarnpkg.com/min-document/-/min-document-2.19.0.tgz#7bd282e3f5842ed295bb748cdd9f1ffa2c824685"
  integrity sha1-e9KC4/WELtKVu3SM3Z8f+iyCRoU=
  dependencies:
    dom-walk "^0.1.0"

obj-query@~1.0.0:
  version "1.0.0"
  resolved "https://registry.yarnpkg.com/obj-query/-/obj-query-1.0.0.tgz#9447527491a243c9f72a7fec322402404a1f2e7c"
  integrity sha1-lEdSdJGiQ8n3Kn/sMiQCQEofLnw=
  dependencies:
    is-plain-obj "~1.1.0"
    map-obj "~1.0.1"
    object-pair "~1.0.0"
    object.reduce "~0.1.7"
    print-value "~1.0.0"
    xtend "~4.0.1"

object-assign@^4.1.0, object-assign@^4.1.1:
  version "4.1.1"
  resolved "https://registry.yarnpkg.com/object-assign/-/object-assign-4.1.1.tgz#2109adc7965887cfc05cbbd442cac8bfbb360863"
  integrity sha1-IQmtx5ZYh8/AXLvUQsrIv7s2CGM=

object-keys@^1.0.12:
  version "1.1.1"
  resolved "https://registry.yarnpkg.com/object-keys/-/object-keys-1.1.1.tgz#1c47f272df277f3b1daf061677d9c82e2322c60e"
  integrity sha512-NuAESUOUMrlIXOfHKzD6bpPu3tYt3xvjNdRIQ+FeT0lNb4K8WR70CaDxhuNguS2XG+GjkyMwOzsN5ZktImfhLA==

object-pair@~1.0.0:
  version "1.0.0"
  resolved "https://registry.yarnpkg.com/object-pair/-/object-pair-1.0.0.tgz#253fb8070cb28bc9a349b8e606011cbd99f8bc25"
  integrity sha1-JT+4Bwyyi8mjSbjmBgEcvZn4vCU=

object.reduce@~0.1.7:
  version "0.1.7"
  resolved "https://registry.yarnpkg.com/object.reduce/-/object.reduce-0.1.7.tgz#d180e84f72d218348af45352b55165246b95046d"
  integrity sha1-0YDoT3LSGDSK9FNStVFlJGuVBG0=
  dependencies:
    for-own "^0.1.3"

once@^1.3.1:
  version "1.4.0"
  resolved "https://registry.yarnpkg.com/once/-/once-1.4.0.tgz#583b1aa775961d4b113ac17d9c50baef9dd76bd1"
  integrity sha1-WDsap3WWHUsROsF9nFC6753Xa9E=
  dependencies:
    wrappy "1"

parse-headers@^2.0.0:
  version "2.0.2"
  resolved "https://registry.yarnpkg.com/parse-headers/-/parse-headers-2.0.2.tgz#9545e8a4c1ae5eaea7d24992bca890281ed26e34"
  integrity sha512-/LypJhzFmyBIDYP9aDVgeyEb5sQfbfY5mnDq4hVhlQ69js87wXfmEI5V3xI6vvXasqebp0oCytYFLxsBVfCzSg==
  dependencies:
    for-each "^0.3.3"
    string.prototype.trim "^1.1.2"

print-value@~1.0.0:
  version "1.0.0"
  resolved "https://registry.yarnpkg.com/print-value/-/print-value-1.0.0.tgz#55b3a3a2ec4d0a6125257070700ca582c4b8eb7e"
  integrity sha1-VbOjouxNCmElJXBwcAylgsS4634=
  dependencies:
    isobject "~2.0.0"
    json-stringify-safe "~5.0.1"

process@~0.5.1:
  version "0.5.2"
  resolved "https://registry.yarnpkg.com/process/-/process-0.5.2.tgz#1638d8a8e34c2f440a91db95ab9aeb677fc185cf"
  integrity sha1-FjjYqONML0QKkduVq5rrZ3/Bhc8=

query-string-flatten@^1.0.0:
  version "1.0.0"
  resolved "https://registry.yarnpkg.com/query-string-flatten/-/query-string-flatten-1.0.0.tgz#33bb7b3b09d6a08cf2a887535761035900e69a8d"
  integrity sha1-M7t7OwnWoIzyqIdTV2EDWQDmmo0=
  dependencies:
    obj-query "~1.0.0"
    query-string "~3.0.0"
    value-pipe "~1.0.0"

query-string@^5.0.1:
  version "5.1.1"
  resolved "https://registry.yarnpkg.com/query-string/-/query-string-5.1.1.tgz#a78c012b71c17e05f2e3fa2319dd330682efb3cb"
  integrity sha512-gjWOsm2SoGlgLEdAGt7a6slVOk9mGiXmPFMqrEhLQ68rhQuBnpfs3+EmlvqKyxnCo9/PPlF+9MtY02S1aFg+Jw==
  dependencies:
    decode-uri-component "^0.2.0"
    object-assign "^4.1.0"
    strict-uri-encode "^1.0.0"

query-string@~3.0.0:
  version "3.0.3"
  resolved "https://registry.yarnpkg.com/query-string/-/query-string-3.0.3.tgz#ae2e14b4d05071d4e9b9eb4873c35b0dcd42e638"
  integrity sha1-ri4UtNBQcdTpuetIc8NbDc1C5jg=
  dependencies:
    strict-uri-encode "^1.0.0"

querystringify@^2.1.1:
  version "2.1.1"
  resolved "https://registry.yarnpkg.com/querystringify/-/querystringify-2.1.1.tgz#60e5a5fd64a7f8bfa4d2ab2ed6fdf4c85bad154e"
  integrity sha512-w7fLxIRCRT7U8Qu53jQnJyPkYZIaR4n5151KMfcJlO/A9397Wxb1amJvROTK6TOnp7PfoAmg/qXiNHI+08jRfA==

rust-result@^1.0.0:
  version "1.0.0"
  resolved "https://registry.yarnpkg.com/rust-result/-/rust-result-1.0.0.tgz#34c75b2e6dc39fe5875e5bdec85b5e0f91536f72"
  integrity sha1-NMdbLm3Dn+WHXlveyFteD5FTb3I=
  dependencies:
    individual "^2.0.0"

safe-json-parse@^4.0.0:
  version "4.0.0"
  resolved "https://registry.yarnpkg.com/safe-json-parse/-/safe-json-parse-4.0.0.tgz#7c0f578cfccd12d33a71c0e05413e2eca171eaac"
  integrity sha1-fA9XjPzNEtM6ccDgVBPi7KFx6qw=
  dependencies:
    rust-result "^1.0.0"

simple-concat@^1.0.0:
  version "1.0.0"
  resolved "https://registry.yarnpkg.com/simple-concat/-/simple-concat-1.0.0.tgz#7344cbb8b6e26fb27d66b2fc86f9f6d5997521c6"
  integrity sha1-c0TLuLbib7J9ZrL8hvn21Zl1IcY=

simple-get@^2.7.0:
  version "2.8.1"
  resolved "https://registry.yarnpkg.com/simple-get/-/simple-get-2.8.1.tgz#0e22e91d4575d87620620bc91308d57a77f44b5d"
  integrity sha512-lSSHRSw3mQNUGPAYRqo7xy9dhKmxFXIjLjp4KHpf99GEH2VH7C3AM+Qfx6du6jhfUi6Vm7XnbEVEf7Wb6N8jRw==
  dependencies:
    decompress-response "^3.3.0"
    once "^1.3.1"
    simple-concat "^1.0.0"

strict-uri-encode@^1.0.0:
  version "1.1.0"
  resolved "https://registry.yarnpkg.com/strict-uri-encode/-/strict-uri-encode-1.1.0.tgz#279b225df1d582b1f54e65addd4352e18faa0713"
  integrity sha1-J5siXfHVgrH1TmWt3UNS4Y+qBxM=

string.prototype.trim@^1.1.2:
  version "1.1.2"
  resolved "https://registry.yarnpkg.com/string.prototype.trim/-/string.prototype.trim-1.1.2.tgz#d04de2c89e137f4d7d206f086b5ed2fae6be8cea"
  integrity sha1-0E3iyJ4Tf019IG8Ia17S+ua+jOo=
  dependencies:
    define-properties "^1.1.2"
    es-abstract "^1.5.0"
    function-bind "^1.0.2"

timed-out@^4.0.1:
  version "4.0.1"
  resolved "https://registry.yarnpkg.com/timed-out/-/timed-out-4.0.1.tgz#f32eacac5a175bea25d7fab565ab3ed8741ef56f"
  integrity sha1-8y6srFoXW+ol1/q1Zas+2HQe9W8=

url-join@^1.1.0:
  version "1.1.0"
  resolved "https://registry.yarnpkg.com/url-join/-/url-join-1.1.0.tgz#741c6c2f4596c4830d6718460920d0c92202dc78"
  integrity sha1-dBxsL0WWxIMNZxhGCSDQySIC3Hg=

url-set-query@^1.0.0:
  version "1.0.0"
  resolved "https://registry.yarnpkg.com/url-set-query/-/url-set-query-1.0.0.tgz#016e8cfd7c20ee05cafe7795e892bd0702faa339"
  integrity sha1-AW6M/Xwg7gXK/neV6JK9BwL6ozk=

value-pipe@~1.0.0:
  version "1.0.1"
  resolved "https://registry.yarnpkg.com/value-pipe/-/value-pipe-1.0.1.tgz#c7f09dbb105a72a9f5bdbd7085b537f10e995492"
  integrity sha512-ZLcuIPES51DfYuIl6+mj5BEB6GGuPGHHFJzmE5vxZn8ydR8LS+Y/uxWFT1x30mNPrjNbHRggV5KdJYSaWt/hbQ==

wrappy@1:
  version "1.0.2"
  resolved "https://registry.yarnpkg.com/wrappy/-/wrappy-1.0.2.tgz#b5243d8f3ec1aa35f1364605bc0d1036e30ab69f"
  integrity sha1-tSQ9jz7BqjXxNkYFvA0QNuMKtp8=

xhr-request@^1.0.1:
  version "1.1.0"
  resolved "https://registry.yarnpkg.com/xhr-request/-/xhr-request-1.1.0.tgz#f4a7c1868b9f198723444d82dcae317643f2e2ed"
  integrity sha512-Y7qzEaR3FDtL3fP30k9wO/e+FBnBByZeybKOhASsGP30NIkRAAkKD/sCnLvgEfAIEC1rcmK7YG8f4oEnIrrWzA==
  dependencies:
    buffer-to-arraybuffer "^0.0.5"
    object-assign "^4.1.1"
    query-string "^5.0.1"
    simple-get "^2.7.0"
    timed-out "^4.0.1"
    url-set-query "^1.0.0"
    xhr "^2.0.4"

xhr@^2.0.4:
  version "2.5.0"
  resolved "https://registry.yarnpkg.com/xhr/-/xhr-2.5.0.tgz#bed8d1676d5ca36108667692b74b316c496e49dd"
  integrity sha512-4nlO/14t3BNUZRXIXfXe+3N6w3s1KoxcJUUURctd64BLRe67E4gRwp4PjywtDY72fXpZ1y6Ch0VZQRY/gMPzzQ==
  dependencies:
    global "~4.3.0"
    is-function "^1.0.1"
    parse-headers "^2.0.0"
    xtend "^4.0.0"

xtend@^4.0.0, xtend@^4.0.1, xtend@~4.0.1:
  version "4.0.1"
  resolved "https://registry.yarnpkg.com/xtend/-/xtend-4.0.1.tgz#a5c6d532be656e23db820efb943a1f04998d63af"
  integrity sha1-pcbVMr5lbiPbgg77lDofBJmNY68=
